
Microsoft Visual Studio Solution File, Format Version 12.00
# Visual Studio Version 17
VisualStudioVersion = 17.5.33424.131
MinimumVisualStudioVersion = 10.0.40219.1
Project("{FAE04EC0-301F-11D3-BF4B-00C04F79EFBC}") = "VBCodeCompliancer", "VBCodeCompliancer\VBCodeCompliancer.csproj", "{FADA008F-292E-4251-8626-9A30035529B4}"
EndProject
Global
	GlobalSection(SolutionConfigurationPlatforms) = preSolution
		Debug|Any CPU = Debug|Any CPU
		Release|Any CPU = Release|Any CPU
	EndGlobalSection
	GlobalSection(ProjectConfigurationPlatforms) = postSolution
		{FADA008F-292E-4251-8626-9A30035529B4}.Debug|Any CPU.ActiveCfg = Debug|Any CPU
		{FADA008F-292E-4251-8626-9A30035529B4}.Debug|Any CPU.Build.0 = Debug|Any CPU
		{FADA008F-292E-4251-8626-9A30035529B4}.Release|Any CPU.ActiveCfg = Release|Any CPU
		{FADA008F-292E-4251-8626-9A30035529B4}.Release|Any CPU.Build.0 = Release|Any CPU
	EndGlobalSection
	GlobalSection(SolutionProperties) = preSolution
		HideSolutionNode = FALSE
	EndGlobalSection
	GlobalSection(ExtensibilityGlobals) = postSolution
		SolutionGuid = {DC95E4FE-EB4B-47E9-9BC3-C4D2866F1A82}
	EndGlobalSection
EndGlobal
